// !$*UTF8*$!
{
	archiveVersion = 1;
	classes = {
	};
	objectVersion = 50;
	objects = {

/* Begin PBXBuildFile section */
		3DB348AF267131E7002D9C2F /* AppDelegate.swift in Sources */ = {isa = PBXBuildFile; fileRef = 3DB348AE267131E7002D9C2F /* AppDelegate.swift */; };
		3DB348B1267131E7002D9C2F /* SceneDelegate.swift in Sources */ = {isa = PBXBuildFile; fileRef = 3DB348B0267131E7002D9C2F /* SceneDelegate.swift */; };
		3DB348B3267131E7002D9C2F /* ViewController.swift in Sources */ = {isa = PBXBuildFile; fileRef = 3DB348B2267131E7002D9C2F /* ViewController.swift */; };
		3DB348B6267131E7002D9C2F /* Main.storyboard in Resources */ = {isa = PBXBuildFile; fileRef = 3DB348B4267131E7002D9C2F /* Main.storyboard */; };
		3DB348B8267131E9002D9C2F /* Assets.xcassets in Resources */ = {isa = PBXBuildFile; fileRef = 3DB348B7267131E9002D9C2F /* Assets.xcassets */; };
		3DB348BB267131E9002D9C2F /* LaunchScreen.storyboard in Resources */ = {isa = PBXBuildFile; fileRef = 3DB348B9267131E9002D9C2F /* LaunchScreen.storyboard */; };
		3DB348C6267131EA002D9C2F /* SmiteAssistantTests.swift in Sources */ = {isa = PBXBuildFile; fileRef = 3DB348C5267131EA002D9C2F /* SmiteAssistantTests.swift */; };
		3DB348D1267131EA002D9C2F /* SmiteAssistantUITests.swift in Sources */ = {isa = PBXBuildFile; fileRef = 3DB348D0267131EA002D9C2F /* SmiteAssistantUITests.swift */; };
		3DB348E326728E49002D9C2F /* SessionResponse.swift in Sources */ = {isa = PBXBuildFile; fileRef = 3DB348E226728E49002D9C2F /* SessionResponse.swift */; };
/* End PBXBuildFile section */

/* Begin PBXContainerItemProxy section */
		3DB348C2267131EA002D9C2F /* PBXContainerItemProxy */ = {
			isa = PBXContainerItemProxy;
			containerPortal = 3DB348A3267131E7002D9C2F /* Project object */;
			proxyType = 1;
			remoteGlobalIDString = 3DB348AA267131E7002D9C2F;
			remoteInfo = SmiteAssistant;
		};
		3DB348CD267131EA002D9C2F /* PBXContainerItemProxy */ = {
			isa = PBXContainerItemProxy;
			containerPortal = 3DB348A3267131E7002D9C2F /* Project object */;
			proxyType = 1;
			remoteGlobalIDString = 3DB348AA267131E7002D9C2F;
			remoteInfo = SmiteAssistant;
		};
/* End PBXContainerItemProxy section */

/* Begin PBXFileReference section */
		3DB348AB267131E7002D9C2F /* SmiteAssistant.app */ = {isa = PBXFileReference; explicitFileType = wrapper.application; includeInIndex = 0; path = SmiteAssistant.app; sourceTree = BUILT_PRODUCTS_DIR; };
		3DB348AE267131E7002D9C2F /* AppDelegate.swift */ = {isa = PBXFileReference; lastKnownFileType = sourcecode.swift; path = AppDelegate.swift; sourceTree = "<group>"; };
		3DB348B0267131E7002D9C2F /* SceneDelegate.swift */ = {isa = PBXFileReference; lastKnownFileType = sourcecode.swift; path = SceneDelegate.swift; sourceTree = "<group>"; };
		3DB348B2267131E7002D9C2F /* ViewController.swift */ = {isa = PBXFileReference; lastKnownFileType = sourcecode.swift; path = ViewController.swift; sourceTree = "<group>"; };
		3DB348B5267131E7002D9C2F /* Base */ = {isa = PBXFileReference; lastKnownFileType = file.storyboard; name = Base; path = Base.lproj/Main.storyboard; sourceTree = "<group>"; };
		3DB348B7267131E9002D9C2F /* Assets.xcassets */ = {isa = PBXFileReference; lastKnownFileType = folder.assetcatalog; path = Assets.xcassets; sourceTree = "<group>"; };
		3DB348BA267131E9002D9C2F /* Base */ = {isa = PBXFileReference; lastKnownFileType = file.storyboard; name = Base; path = Base.lproj/LaunchScreen.storyboard; sourceTree = "<group>"; };
		3DB348BC267131E9002D9C2F /* Info.plist */ = {isa = PBXFileReference; lastKnownFileType = text.plist.xml; path = Info.plist; sourceTree = "<group>"; };
		3DB348C1267131EA002D9C2F /* SmiteAssistantTests.xctest */ = {isa = PBXFileReference; explicitFileType = wrapper.cfbundle; includeInIndex = 0; path = SmiteAssistantTests.xctest; sourceTree = BUILT_PRODUCTS_DIR; };
		3DB348C5267131EA002D9C2F /* SmiteAssistantTests.swift */ = {isa = PBXFileReference; lastKnownFileType = sourcecode.swift; path = SmiteAssistantTests.swift; sourceTree = "<group>"; };
		3DB348C7267131EA002D9C2F /* Info.plist */ = {isa = PBXFileReference; lastKnownFileType = text.plist.xml; path = Info.plist; sourceTree = "<group>"; };
		3DB348CC267131EA002D9C2F /* SmiteAssistantUITests.xctest */ = {isa = PBXFileReference; explicitFileType = wrapper.cfbundle; includeInIndex = 0; path = SmiteAssistantUITests.xctest; sourceTree = BUILT_PRODUCTS_DIR; };
		3DB348D0267131EA002D9C2F /* SmiteAssistantUITests.swift */ = {isa = PBXFileReference; lastKnownFileType = sourcecode.swift; path = SmiteAssistantUITests.swift; sourceTree = "<group>"; };
		3DB348D2267131EA002D9C2F /* Info.plist */ = {isa = PBXFileReference; lastKnownFileType = text.plist.xml; path = Info.plist; sourceTree = "<group>"; };
		3DB348E226728E49002D9C2F /* SessionResponse.swift */ = {isa = PBXFileReference; lastKnownFileType = sourcecode.swift; path = SessionResponse.swift; sourceTree = "<group>"; };
/* End PBXFileReference section */

/* Begin PBXFrameworksBuildPhase section */
		3DB348A8267131E7002D9C2F /* Frameworks */ = {
			isa = PBXFrameworksBuildPhase;
			buildActionMask = 2147483647;
			files = (
			);
			runOnlyForDeploymentPostprocessing = 0;
		};
		3DB348BE267131EA002D9C2F /* Frameworks */ = {
			isa = PBXFrameworksBuildPhase;
			buildActionMask = 2147483647;
			files = (
			);
			runOnlyForDeploymentPostprocessing = 0;
		};
		3DB348C9267131EA002D9C2F /* Frameworks */ = {
			isa = PBXFrameworksBuildPhase;
			buildActionMask = 2147483647;
			files = (
			);
			runOnlyForDeploymentPostprocessing = 0;
		};
/* End PBXFrameworksBuildPhase section */

/* Begin PBXGroup section */
		3DB348A2267131E7002D9C2F = {
			isa = PBXGroup;
			children = (
				3DB348AD267131E7002D9C2F /* SmiteAssistant */,
				3DB348C4267131EA002D9C2F /* SmiteAssistantTests */,
				3DB348CF267131EA002D9C2F /* SmiteAssistantUITests */,
				3DB348AC267131E7002D9C2F /* Products */,
			);
			sourceTree = "<group>";
		};
		3DB348AC267131E7002D9C2F /* Products */ = {
			isa = PBXGroup;
			children = (
				3DB348AB267131E7002D9C2F /* SmiteAssistant.app */,
				3DB348C1267131EA002D9C2F /* SmiteAssistantTests.xctest */,
				3DB348CC267131EA002D9C2F /* SmiteAssistantUITests.xctest */,
			);
			name = Products;
			sourceTree = "<group>";
		};
		3DB348AD267131E7002D9C2F /* SmiteAssistant */ = {
			isa = PBXGroup;
			children = (
				3DB348E126728E1D002D9C2F /* Models */,
				3DB348AE267131E7002D9C2F /* AppDelegate.swift */,
				3DB348B0267131E7002D9C2F /* SceneDelegate.swift */,
				3DB348B2267131E7002D9C2F /* ViewController.swift */,
				3DB348B4267131E7002D9C2F /* Main.storyboard */,
				3DB348B7267131E9002D9C2F /* Assets.xcassets */,
				3DB348B9267131E9002D9C2F /* LaunchScreen.storyboard */,
				3DB348BC267131E9002D9C2F /* Info.plist */,
			);
			path = SmiteAssistant;
			sourceTree = "<group>";
		};
		3DB348C4267131EA002D9C2F /* SmiteAssistantTests */ = {
			isa = PBXGroup;
			children = (
				3DB348C5267131EA002D9C2F /* SmiteAssistantTests.swift */,
				3DB348C7267131EA002D9C2F /* Info.plist */,
			);
			path = SmiteAssistantTests;
			sourceTree = "<group>";
		};
		3DB348CF267131EA002D9C2F /* SmiteAssistantUITests */ = {
			isa = PBXGroup;
			children = (
				3DB348D0267131EA002D9C2F /* SmiteAssistantUITests.swift */,
				3DB348D2267131EA002D9C2F /* Info.plist */,
			);
			path = SmiteAssistantUITests;
			sourceTree = "<group>";
		};
		3DB348E126728E1D002D9C2F /* Models */ = {
			isa = PBXGroup;
			children = (
				3DB348E226728E49002D9C2F /* SessionResponse.swift */,
			);
			path = Models;
			sourceTree = "<group>";
		};
/* End PBXGroup section */

/* Begin PBXNativeTarget section */
		3DB348AA267131E7002D9C2F /* SmiteAssistant */ = {
			isa = PBXNativeTarget;
			buildConfigurationList = 3DB348D5267131EA002D9C2F /* Build configuration list for PBXNativeTarget "SmiteAssistant" */;
			buildPhases = (
				3DB348A7267131E7002D9C2F /* Sources */,
				3DB348A8267131E7002D9C2F /* Frameworks */,
				3DB348A9267131E7002D9C2F /* Resources */,
			);
			buildRules = (
			);
			dependencies = (
			);
			name = SmiteAssistant;
			productName = SmiteAssistant;
			productReference = 3DB348AB267131E7002D9C2F /* SmiteAssistant.app */;
			productType = "com.apple.product-type.application";
		};
		3DB348C0267131EA002D9C2F /* SmiteAssistantTests */ = {
			isa = PBXNativeTarget;
			buildConfigurationList = 3DB348D8267131EA002D9C2F /* Build configuration list for PBXNativeTarget "SmiteAssistantTests" */;
			buildPhases = (
				3DB348BD267131EA002D9C2F /* Sources */,
				3DB348BE267131EA002D9C2F /* Frameworks */,
				3DB348BF267131EA002D9C2F /* Resources */,
			);
			buildRules = (
			);
			dependencies = (
				3DB348C3267131EA002D9C2F /* PBXTargetDependency */,
			);
			name = SmiteAssistantTests;
			productName = SmiteAssistantTests;
			productReference = 3DB348C1267131EA002D9C2F /* SmiteAssistantTests.xctest */;
			productType = "com.apple.product-type.bundle.unit-test";
		};
		3DB348CB267131EA002D9C2F /* SmiteAssistantUITests */ = {
			isa = PBXNativeTarget;
			buildConfigurationList = 3DB348DB267131EA002D9C2F /* Build configuration list for PBXNativeTarget "SmiteAssistantUITests" */;
			buildPhases = (
				3DB348C8267131EA002D9C2F /* Sources */,
				3DB348C9267131EA002D9C2F /* Frameworks */,
				3DB348CA267131EA002D9C2F /* Resources */,
			);
			buildRules = (
			);
			dependencies = (
				3DB348CE267131EA002D9C2F /* PBXTargetDependency */,
			);
			name = SmiteAssistantUITests;
			productName = SmiteAssistantUITests;
			productReference = 3DB348CC267131EA002D9C2F /* SmiteAssistantUITests.xctest */;
			productType = "com.apple.product-type.bundle.ui-testing";
		};
/* End PBXNativeTarget section */

/* Begin PBXProject section */
		3DB348A3267131E7002D9C2F /* Project object */ = {
			isa = PBXProject;
			attributes = {
				LastSwiftUpdateCheck = 1240;
				LastUpgradeCheck = 1240;
				TargetAttributes = {
					3DB348AA267131E7002D9C2F = {
						CreatedOnToolsVersion = 12.4;
					};
					3DB348C0267131EA002D9C2F = {
						CreatedOnToolsVersion = 12.4;
						TestTargetID = 3DB348AA267131E7002D9C2F;
					};
					3DB348CB267131EA002D9C2F = {
						CreatedOnToolsVersion = 12.4;
						TestTargetID = 3DB348AA267131E7002D9C2F;
					};
				};
			};
			buildConfigurationList = 3DB348A6267131E7002D9C2F /* Build configuration list for PBXProject "SmiteAssistant" */;
			compatibilityVersion = "Xcode 9.3";
			developmentRegion = en;
			hasScannedForEncodings = 0;
			knownRegions = (
				en,
				Base,
			);
			mainGroup = 3DB348A2267131E7002D9C2F;
			productRefGroup = 3DB348AC267131E7002D9C2F /* Products */;
			projectDirPath = "";
			projectRoot = "";
			targets = (
				3DB348AA267131E7002D9C2F /* SmiteAssistant */,
				3DB348C0267131EA002D9C2F /* SmiteAssistantTests */,
				3DB348CB267131EA002D9C2F /* SmiteAssistantUITests */,
			);
		};
/* End PBXProject section */

/* Begin PBXResourcesBuildPhase section */
		3DB348A9267131E7002D9C2F /* Resources */ = {
			isa = PBXResourcesBuildPhase;
			buildActionMask = 2147483647;
			files = (
				3DB348BB267131E9002D9C2F /* LaunchScreen.storyboard in Resources */,
				3DB348B8267131E9002D9C2F /* Assets.xcassets in Resources */,
				3DB348B6267131E7002D9C2F /* Main.storyboard in Resources */,
			);
			runOnlyForDeploymentPostprocessing = 0;
		};
		3DB348BF267131EA002D9C2F /* Resources */ = {
			isa = PBXResourcesBuildPhase;
			buildActionMask = 2147483647;
			files = (
			);
			runOnlyForDeploymentPostprocessing = 0;
		};
		3DB348CA267131EA002D9C2F /* Resources */ = {
			isa = PBXResourcesBuildPhase;
			buildActionMask = 2147483647;
			files = (
			);
			runOnlyForDeploymentPostprocessing = 0;
		};
/* End PBXResourcesBuildPhase section */

/* Begin PBXSourcesBuildPhase section */
		3DB348A7267131E7002D9C2F /* Sources */ = {
			isa = PBXSourcesBuildPhase;
			buildActionMask = 2147483647;
			files = (
				3DB348B3267131E7002D9C2F /* ViewController.swift in Sources */,
				3DB348E326728E49002D9C2F /* SessionResponse.swift in Sources */,
				3DB348AF267131E7002D9C2F /* AppDelegate.swift in Sources */,
				3DB348B1267131E7002D9C2F /* SceneDelegate.swift in Sources */,
			);
			runOnlyForDeploymentPostprocessing = 0;
		};
		3DB348BD267131EA002D9C2F /* Sources */ = {
			isa = PBXSourcesBuildPhase;
			buildActionMask = 2147483647;
			files = (
				3DB348C6267131EA002D9C2F /* SmiteAssistantTests.swift in Sources */,
			);
			runOnlyForDeploymentPostprocessing = 0;
		};
		3DB348C8267131EA002D9C2F /* Sources */ = {
			isa = PBXSourcesBuildPhase;
			buildActionMask = 2147483647;
			files = (
				3DB348D1267131EA002D9C2F /* SmiteAssistantUITests.swift in Sources */,
			);
			runOnlyForDeploymentPostprocessing = 0;
		};
/* End PBXSourcesBuildPhase section */

/* Begin PBXTargetDependency section */
		3DB348C3267131EA002D9C2F /* PBXTargetDependency */ = {
			isa = PBXTargetDependency;
			target = 3DB348AA267131E7002D9C2F /* SmiteAssistant */;
			targetProxy = 3DB348C2267131EA002D9C2F /* PBXContainerItemProxy */;
		};
		3DB348CE267131EA002D9C2F /* PBXTargetDependency */ = {
			isa = PBXTargetDependency;
			target = 3DB348AA267131E7002D9C2F /* SmiteAssistant */;
			targetProxy = 3DB348CD267131EA002D9C2F /* PBXContainerItemProxy */;
		};
/* End PBXTargetDependency section */

/* Begin PBXVariantGroup section */
		3DB348B4267131E7002D9C2F /* Main.storyboard */ = {
			isa = PBXVariantGroup;
			children = (
				3DB348B5267131E7002D9C2F /* Base */,
			);
			name = Main.storyboard;
			sourceTree = "<group>";
		};
		3DB348B9267131E9002D9C2F /* LaunchScreen.storyboard */ = {
			isa = PBXVariantGroup;
			children = (
				3DB348BA267131E9002D9C2F /* Base */,
			);
			name = LaunchScreen.storyboard;
			sourceTree = "<group>";
		};
/* End PBXVariantGroup section */

/* Begin XCBuildConfiguration section */
		3DB348D3267131EA002D9C2F /* Debug */ = {
			isa = XCBuildConfiguration;
			buildSettings = {
				ALWAYS_SEARCH_USER_PATHS = NO;
				CLANG_ANALYZER_NONNULL = YES;
				CLANG_ANALYZER_NUMBER_OBJECT_CONVERSION = YES_AGGRESSIVE;
				CLANG_CXX_LANGUAGE_STANDARD = "gnu++14";
				CLANG_CXX_LIBRARY = "libc++";
				CLANG_ENABLE_MODULES = YES;
				CLANG_ENABLE_OBJC_ARC = YES;
				CLANG_ENABLE_OBJC_WEAK = YES;
				CLANG_WARN_BLOCK_CAPTURE_AUTORELEASING = YES;
				CLANG_WARN_BOOL_CONVERSION = YES;
				CLANG_WARN_COMMA = YES;
				CLANG_WARN_CONSTANT_CONVERSION = YES;
				CLANG_WARN_DEPRECATED_OBJC_IMPLEMENTATIONS = YES;
				CLANG_WARN_DIRECT_OBJC_ISA_USAGE = YES_ERROR;
				CLANG_WARN_DOCUMENTATION_COMMENTS = YES;
				CLANG_WARN_EMPTY_BODY = YES;
				CLANG_WARN_ENUM_CONVERSION = YES;
				CLANG_WARN_INFINITE_RECURSION = YES;
				CLANG_WARN_INT_CONVERSION = YES;
				CLANG_WARN_NON_LITERAL_NULL_CONVERSION = YES;
				CLANG_WARN_OBJC_IMPLICIT_RETAIN_SELF = YES;
				CLANG_WARN_OBJC_LITERAL_CONVERSION = YES;
				CLANG_WARN_OBJC_ROOT_CLASS = YES_ERROR;
				CLANG_WARN_QUOTED_INCLUDE_IN_FRAMEWORK_HEADER = YES;
				CLANG_WARN_RANGE_LOOP_ANALYSIS = YES;
				CLANG_WARN_STRICT_PROTOTYPES = YES;
				CLANG_WARN_SUSPICIOUS_MOVE = YES;
				CLANG_WARN_UNGUARDED_AVAILABILITY = YES_AGGRESSIVE;
				CLANG_WARN_UNREACHABLE_CODE = YES;
				CLANG_WARN__DUPLICATE_METHOD_MATCH = YES;
				COPY_PHASE_STRIP = NO;
				DEBUG_INFORMATION_FORMAT = dwarf;
				ENABLE_STRICT_OBJC_MSGSEND = YES;
				ENABLE_TESTABILITY = YES;
				GCC_C_LANGUAGE_STANDARD = gnu11;
				GCC_DYNAMIC_NO_PIC = NO;
				GCC_NO_COMMON_BLOCKS = YES;
				GCC_OPTIMIZATION_LEVEL = 0;
				GCC_PREPROCESSOR_DEFINITIONS = (
					"DEBUG=1",
					"$(inherited)",
				);
				GCC_WARN_64_TO_32_BIT_CONVERSION = YES;
				GCC_WARN_ABOUT_RETURN_TYPE = YES_ERROR;
				GCC_WARN_UNDECLARED_SELECTOR = YES;
				GCC_WARN_UNINITIALIZED_AUTOS = YES_AGGRESSIVE;
				GCC_WARN_UNUSED_FUNCTION = YES;
				GCC_WARN_UNUSED_VARIABLE = YES;
				IPHONEOS_DEPLOYMENT_TARGET = 14.4;
				MTL_ENABLE_DEBUG_INFO = INCLUDE_SOURCE;
				MTL_FAST_MATH = YES;
				ONLY_ACTIVE_ARCH = YES;
				SDKROOT = iphoneos;
				SWIFT_ACTIVE_COMPILATION_CONDITIONS = DEBUG;
				SWIFT_OPTIMIZATION_LEVEL = "-Onone";
			};
			name = Debug;
		};
		3DB348D4267131EA002D9C2F /* Release */ = {
			isa = XCBuildConfiguration;
			buildSettings = {
				ALWAYS_SEARCH_USER_PATHS = NO;
				CLANG_ANALYZER_NONNULL = YES;
				CLANG_ANALYZER_NUMBER_OBJECT_CONVERSION = YES_AGGRESSIVE;
				CLANG_CXX_LANGUAGE_STANDARD = "gnu++14";
				CLANG_CXX_LIBRARY = "libc++";
				CLANG_ENABLE_MODULES = YES;
				CLANG_ENABLE_OBJC_ARC = YES;
				CLANG_ENABLE_OBJC_WEAK = YES;
				CLANG_WARN_BLOCK_CAPTURE_AUTORELEASING = YES;
				CLANG_WARN_BOOL_CONVERSION = YES;
				CLANG_WARN_COMMA = YES;
				CLANG_WARN_CONSTANT_CONVERSION = YES;
				CLANG_WARN_DEPRECATED_OBJC_IMPLEMENTATIONS = YES;
				CLANG_WARN_DIRECT_OBJC_ISA_USAGE = YES_ERROR;
				CLANG_WARN_DOCUMENTATION_COMMENTS = YES;
				CLANG_WARN_EMPTY_BODY = YES;
				CLANG_WARN_ENUM_CONVERSION = YES;
				CLANG_WARN_INFINITE_RECURSION = YES;
				CLANG_WARN_INT_CONVERSION = YES;
				CLANG_WARN_NON_LITERAL_NULL_CONVERSION = YES;
				CLANG_WARN_OBJC_IMPLICIT_RETAIN_SELF = YES;
				CLANG_WARN_OBJC_LITERAL_CONVERSION = YES;
				CLANG_WARN_OBJC_ROOT_CLASS = YES_ERROR;
				CLANG_WARN_QUOTED_INCLUDE_IN_FRAMEWORK_HEADER = YES;
				CLANG_WARN_RANGE_LOOP_ANALYSIS = YES;
				CLANG_WARN_STRICT_PROTOTYPES = YES;
				CLANG_WARN_SUSPICIOUS_MOVE = YES;
				CLANG_WARN_UNGUARDED_AVAILABILITY = YES_AGGRESSIVE;
				CLANG_WARN_UNREACHABLE_CODE = YES;
				CLANG_WARN__DUPLICATE_METHOD_MATCH = YES;
				COPY_PHASE_STRIP = NO;
				DEBUG_INFORMATION_FORMAT = "dwarf-with-dsym";
				ENABLE_NS_ASSERTIONS = NO;
				ENABLE_STRICT_OBJC_MSGSEND = YES;
				GCC_C_LANGUAGE_STANDARD = gnu11;
				GCC_NO_COMMON_BLOCKS = YES;
				GCC_WARN_64_TO_32_BIT_CONVERSION = YES;
				GCC_WARN_ABOUT_RETURN_TYPE = YES_ERROR;
				GCC_WARN_UNDECLARED_SELECTOR = YES;
				GCC_WARN_UNINITIALIZED_AUTOS = YES_AGGRESSIVE;
				GCC_WARN_UNUSED_FUNCTION = YES;
				GCC_WARN_UNUSED_VARIABLE = YES;
				IPHONEOS_DEPLOYMENT_TARGET = 14.4;
				MTL_ENABLE_DEBUG_INFO = NO;
				MTL_FAST_MATH = YES;
				SDKROOT = iphoneos;
				SWIFT_COMPILATION_MODE = wholemodule;
				SWIFT_OPTIMIZATION_LEVEL = "-O";
				VALIDATE_PRODUCT = YES;
			};
			name = Release;
		};
		3DB348D6267131EA002D9C2F /* Debug */ = {
			isa = XCBuildConfiguration;
			buildSettings = {
				ASSETCATALOG_COMPILER_APPICON_NAME = AppIcon;
				ASSETCATALOG_COMPILER_GLOBAL_ACCENT_COLOR_NAME = AccentColor;
				CODE_SIGN_STYLE = Automatic;
				DEVELOPMENT_TEAM = D5W7247FK8;
				INFOPLIST_FILE = SmiteAssistant/Info.plist;
				LD_RUNPATH_SEARCH_PATHS = (
					"$(inherited)",
					"@executable_path/Frameworks",
				);
				PRODUCT_BUNDLE_IDENTIFIER = com.lac66.SmiteAssistant;
				PRODUCT_NAME = "$(TARGET_NAME)";
				SWIFT_VERSION = 5.0;
				TARGETED_DEVICE_FAMILY = "1,2";
			};
			name = Debug;
		};
		3DB348D7267131EA002D9C2F /* Release */ = {
			isa = XCBuildConfiguration;
			buildSettings = {
				ASSETCATALOG_COMPILER_APPICON_NAME = AppIcon;
				ASSETCATALOG_COMPILER_GLOBAL_ACCENT_COLOR_NAME = AccentColor;
				CODE_SIGN_STYLE = Automatic;
				DEVELOPMENT_TEAM = D5W7247FK8;
				INFOPLIST_FILE = SmiteAssistant/Info.plist;
				LD_RUNPATH_SEARCH_PATHS = (
					"$(inherited)",
					"@executable_path/Frameworks",
				);
				PRODUCT_BUNDLE_IDENTIFIER = com.lac66.SmiteAssistant;
				PRODUCT_NAME = "$(TARGET_NAME)";
				SWIFT_VERSION = 5.0;
				TARGETED_DEVICE_FAMILY = "1,2";
			};
			name = Release;
		};
		3DB348D9267131EA002D9C2F /* Debug */ = {
			isa = XCBuildConfiguration;
			buildSettings = {
				ALWAYS_EMBED_SWIFT_STANDARD_LIBRARIES = YES;
				BUNDLE_LOADER = "$(TEST_HOST)";
				CODE_SIGN_STYLE = Automatic;
				DEVELOPMENT_TEAM = D5W7247FK8;
				INFOPLIST_FILE = SmiteAssistantTests/Info.plist;
				IPHONEOS_DEPLOYMENT_TARGET = 14.4;
				LD_RUNPATH_SEARCH_PATHS = (
					"$(inherited)",
					"@executable_path/Frameworks",
					"@loader_path/Frameworks",
				);
				PRODUCT_BUNDLE_IDENTIFIER = com.lac66.SmiteAssistantTests;
				PRODUCT_NAME = "$(TARGET_NAME)";
				SWIFT_VERSION = 5.0;
				TARGETED_DEVICE_FAMILY = "1,2";
				TEST_HOST = "$(BUILT_PRODUCTS_DIR)/SmiteAssistant.app/SmiteAssistant";
			};
			name = Debug;
		};
		3DB348DA267131EA002D9C2F /* Release */ = {
			isa = XCBuildConfiguration;
			buildSettings = {
				ALWAYS_EMBED_SWIFT_STANDARD_LIBRARIES = YES;
				BUNDLE_LOADER = "$(TEST_HOST)";
				CODE_SIGN_STYLE = Automatic;
				DEVELOPMENT_TEAM = D5W7247FK8;
				INFOPLIST_FILE = SmiteAssistantTests/Info.plist;
				IPHONEOS_DEPLOYMENT_TARGET = 14.4;
				LD_RUNPATH_SEARCH_PATHS = (
					"$(inherited)",
					"@executable_path/Frameworks",
					"@loader_path/Frameworks",
				);
				PRODUCT_BUNDLE_IDENTIFIER = com.lac66.SmiteAssistantTests;
				PRODUCT_NAME = "$(TARGET_NAME)";
				SWIFT_VERSION = 5.0;
				TARGETED_DEVICE_FAMILY = "1,2";
				TEST_HOST = "$(BUILT_PRODUCTS_DIR)/SmiteAssistant.app/SmiteAssistant";
			};
			name = Release;
		};
		3DB348DC267131EA002D9C2F /* Debug */ = {
			isa = XCBuildConfiguration;
			buildSettings = {
				ALWAYS_EMBED_SWIFT_STANDARD_LIBRARIES = YES;
				CODE_SIGN_STYLE = Automatic;
				DEVELOPMENT_TEAM = D5W7247FK8;
				INFOPLIST_FILE = SmiteAssistantUITests/Info.plist;
				LD_RUNPATH_SEARCH_PATHS = (
					"$(inherited)",
					"@executable_path/Frameworks",
					"@loader_path/Frameworks",
				);
				PRODUCT_BUNDLE_IDENTIFIER = com.lac66.SmiteAssistantUITests;
				PRODUCT_NAME = "$(TARGET_NAME)";
				SWIFT_VERSION = 5.0;
				TARGETED_DEVICE_FAMILY = "1,2";
				TEST_TARGET_NAME = SmiteAssistant;
			};
			name = Debug;
		};
		3DB348DD267131EA002D9C2F /* Release */ = {
			isa = XCBuildConfiguration;
			buildSettings = {
				ALWAYS_EMBED_SWIFT_STANDARD_LIBRARIES = YES;
				CODE_SIGN_STYLE = Automatic;
				DEVELOPMENT_TEAM = D5W7247FK8;
				INFOPLIST_FILE = SmiteAssistantUITests/Info.plist;
				LD_RUNPATH_SEARCH_PATHS = (
					"$(inherited)",
					"@executable_path/Frameworks",
					"@loader_path/Frameworks",
				);
				PRODUCT_BUNDLE_IDENTIFIER = com.lac66.SmiteAssistantUITests;
				PRODUCT_NAME = "$(TARGET_NAME)";
				SWIFT_VERSION = 5.0;
				TARGETED_DEVICE_FAMILY = "1,2";
				TEST_TARGET_NAME = SmiteAssistant;
			};
			name = Release;
		};
/* End XCBuildConfiguration section */

/* Begin XCConfigurationList section */
		3DB348A6267131E7002D9C2F /* Build configuration list for PBXProject "SmiteAssistant" */ = {
			isa = XCConfigurationList;
			buildConfigurations = (
				3DB348D3267131EA002D9C2F /* Debug */,
				3DB348D4267131EA002D9C2F /* Release */,
			);
			defaultConfigurationIsVisible = 0;
			defaultConfigurationName = Release;
		};
		3DB348D5267131EA002D9C2F /* Build configuration list for PBXNativeTarget "SmiteAssistant" */ = {
			isa = XCConfigurationList;
			buildConfigurations = (
				3DB348D6267131EA002D9C2F /* Debug */,
				3DB348D7267131EA002D9C2F /* Release */,
			);
			defaultConfigurationIsVisible = 0;
			defaultConfigurationName = Release;
		};
		3DB348D8267131EA002D9C2F /* Build configuration list for PBXNativeTarget "SmiteAssistantTests" */ = {
			isa = XCConfigurationList;
			buildConfigurations = (
				3DB348D9267131EA002D9C2F /* Debug */,
				3DB348DA267131EA002D9C2F /* Release */,
			);
			defaultConfigurationIsVisible = 0;
			defaultConfigurationName = Release;
		};
		3DB348DB267131EA002D9C2F /* Build configuration list for PBXNativeTarget "SmiteAssistantUITests" */ = {
			isa = XCConfigurationList;
			buildConfigurations = (
				3DB348DC267131EA002D9C2F /* Debug */,
				3DB348DD267131EA002D9C2F /* Release */,
			);
			defaultConfigurationIsVisible = 0;
			defaultConfigurationName = Release;
		};
/* End XCConfigurationList section */
	};
	rootObject = 3DB348A3267131E7002D9C2F /* Project object */;
}
